
Microsoft Visual Studio Solution File, Format Version 12.00
# Visual Studio Version 16
VisualStudioVersion = 16.0.31321.278
MinimumVisualStudioVersion = 10.0.40219.1
Project("{FAE04EC0-301F-11D3-BF4B-00C04F79EFBC}") = "FileManager", "FileManager\FileManager.csproj", "{83A1744C-81F9-4B2F-865B-97693CCF61DF}"
EndProject
Global
	GlobalSection(SolutionConfigurationPlatforms) = preSolution
		Debug|Any CPU = Debug|Any CPU
		Release|Any CPU = Release|Any CPU
	EndGlobalSection
	GlobalSection(ProjectConfigurationPlatforms) = postSolution
		{83A1744C-81F9-4B2F-865B-97693CCF61DF}.Debug|Any CPU.ActiveCfg = Debug|Any CPU
		{83A1744C-81F9-4B2F-865B-97693CCF61DF}.Debug|Any CPU.Build.0 = Debug|Any CPU
		{83A1744C-81F9-4B2F-865B-97693CCF61DF}.Release|Any CPU.ActiveCfg = Release|Any CPU
		{83A1744C-81F9-4B2F-865B-97693CCF61DF}.Release|Any CPU.Build.0 = Release|Any CPU
	EndGlobalSection
	GlobalSection(SolutionProperties) = preSolution
		HideSolutionNode = FALSE
	EndGlobalSection
	GlobalSection(ExtensibilityGlobals) = postSolution
		SolutionGuid = {541D9DAB-CC7D-42C1-BBC2-48023FFD237C}
	EndGlobalSection
EndGlobal
